
Microsoft Visual Studio Solution File, Format Version 12.00
# Visual Studio Version 16
VisualStudioVersion = 16.0.29920.165
MinimumVisualStudioVersion = 10.0.40219.1
Project("{FAE04EC0-301F-11D3-BF4B-00C04F79EFBC}") = "BlazorServer", "BlazorServer\BlazorServer.csproj", "{5E9B0F30-B880-4BA8-AF4A-76E35BD9528F}"
EndProject
Project("{FAE04EC0-301F-11D3-BF4B-00C04F79EFBC}") = "WebAPI", "WebAPI\WebAPI.csproj", "{F38D3ED5-BBD9-437A-BB5E-BBCC768A0F9F}"
EndProject
Global
	GlobalSection(SolutionConfigurationPlatforms) = preSolution
		Debug|Any CPU = Debug|Any CPU
		Release|Any CPU = Release|Any CPU
	EndGlobalSection
	GlobalSection(ProjectConfigurationPlatforms) = postSolution
		{5E9B0F30-B880-4BA8-AF4A-76E35BD9528F}.Debug|Any CPU.ActiveCfg = Debug|Any CPU
		{5E9B0F30-B880-4BA8-AF4A-76E35BD9528F}.Debug|Any CPU.Build.0 = Debug|Any CPU
		{5E9B0F30-B880-4BA8-AF4A-76E35BD9528F}.Release|Any CPU.ActiveCfg = Release|Any CPU
		{5E9B0F30-B880-4BA8-AF4A-76E35BD9528F}.Release|Any CPU.Build.0 = Release|Any CPU
		{F38D3ED5-BBD9-437A-BB5E-BBCC768A0F9F}.Debug|Any CPU.ActiveCfg = Debug|Any CPU
		{F38D3ED5-BBD9-437A-BB5E-BBCC768A0F9F}.Debug|Any CPU.Build.0 = Debug|Any CPU
		{F38D3ED5-BBD9-437A-BB5E-BBCC768A0F9F}.Release|Any CPU.ActiveCfg = Release|Any CPU
		{F38D3ED5-BBD9-437A-BB5E-BBCC768A0F9F}.Release|Any CPU.Build.0 = Release|Any CPU
	EndGlobalSection
	GlobalSection(SolutionProperties) = preSolution
		HideSolutionNode = FALSE
	EndGlobalSection
	GlobalSection(ExtensibilityGlobals) = postSolution
		SolutionGuid = {E43BB6D3-94BA-4340-B9A7-2FDB60CC71F8}
	EndGlobalSection
EndGlobal
